
Microsoft Visual Studio Solution File, Format Version 12.00
# Visual Studio Version 17
VisualStudioVersion = 17.11.35327.3
MinimumVisualStudioVersion = 10.0.40219.1
Project("{2150E333-8FDC-42A3-9474-1A3956D46DE8}") = "BuildingBlocks", "BuildingBlocks", "{6A44B3EB-5A0F-4A33-AAC5-9B9CD4B64AFD}"
EndProject
Project("{FAE04EC0-301F-11D3-BF4B-00C04F79EFBC}") = "BuildingBlocks", "BuildingBlocks\BuildingBlocks.csproj", "{E0F35D1F-6F7C-4BD8-8B90-2EB9989033B3}"
EndProject
Project("{FAE04EC0-301F-11D3-BF4B-00C04F79EFBC}") = "Demo.API", "Demo.API\Demo.API.csproj", "{93E2E2B2-0336-46AF-99DE-9DC581E906B2}"
EndProject
Global
	GlobalSection(SolutionConfigurationPlatforms) = preSolution
		Debug|Any CPU = Debug|Any CPU
		Release|Any CPU = Release|Any CPU
	EndGlobalSection
	GlobalSection(ProjectConfigurationPlatforms) = postSolution
		{E0F35D1F-6F7C-4BD8-8B90-2EB9989033B3}.Debug|Any CPU.ActiveCfg = Debug|Any CPU
		{E0F35D1F-6F7C-4BD8-8B90-2EB9989033B3}.Debug|Any CPU.Build.0 = Debug|Any CPU
		{E0F35D1F-6F7C-4BD8-8B90-2EB9989033B3}.Release|Any CPU.ActiveCfg = Release|Any CPU
		{E0F35D1F-6F7C-4BD8-8B90-2EB9989033B3}.Release|Any CPU.Build.0 = Release|Any CPU
		{93E2E2B2-0336-46AF-99DE-9DC581E906B2}.Debug|Any CPU.ActiveCfg = Debug|Any CPU
		{93E2E2B2-0336-46AF-99DE-9DC581E906B2}.Debug|Any CPU.Build.0 = Debug|Any CPU
		{93E2E2B2-0336-46AF-99DE-9DC581E906B2}.Release|Any CPU.ActiveCfg = Release|Any CPU
		{93E2E2B2-0336-46AF-99DE-9DC581E906B2}.Release|Any CPU.Build.0 = Release|Any CPU
	EndGlobalSection
	GlobalSection(SolutionProperties) = preSolution
		HideSolutionNode = FALSE
	EndGlobalSection
	GlobalSection(NestedProjects) = preSolution
		{E0F35D1F-6F7C-4BD8-8B90-2EB9989033B3} = {6A44B3EB-5A0F-4A33-AAC5-9B9CD4B64AFD}
	EndGlobalSection
	GlobalSection(ExtensibilityGlobals) = postSolution
		SolutionGuid = {C48B583C-90F9-4670-90DE-F3A4C8414CCD}
	EndGlobalSection
EndGlobal
